
Microsoft Visual Studio Solution File, Format Version 12.00
# Visual Studio Version 17
VisualStudioVersion = 17.7.34221.43
MinimumVisualStudioVersion = 10.0.40219.1
Project("{FAE04EC0-301F-11D3-BF4B-00C04F79EFBC}") = "DEMO1-ANTIVIRUS", "DEMO1-ANTIVIRUS.csproj", "{777047E2-47EF-4844-9D5E-4DF7D05D8F31}"
EndProject
Global
	GlobalSection(SolutionConfigurationPlatforms) = preSolution
		Debug|Any CPU = Debug|Any CPU
		Release|Any CPU = Release|Any CPU
	EndGlobalSection
	GlobalSection(ProjectConfigurationPlatforms) = postSolution
		{777047E2-47EF-4844-9D5E-4DF7D05D8F31}.Debug|Any CPU.ActiveCfg = Debug|Any CPU
		{777047E2-47EF-4844-9D5E-4DF7D05D8F31}.Debug|Any CPU.Build.0 = Debug|Any CPU
		{777047E2-47EF-4844-9D5E-4DF7D05D8F31}.Release|Any CPU.ActiveCfg = Release|Any CPU
		{777047E2-47EF-4844-9D5E-4DF7D05D8F31}.Release|Any CPU.Build.0 = Release|Any CPU
	EndGlobalSection
	GlobalSection(SolutionProperties) = preSolution
		HideSolutionNode = FALSE
	EndGlobalSection
	GlobalSection(ExtensibilityGlobals) = postSolution
		SolutionGuid = {0914C917-AD84-40A7-9368-4B087C032E28}
	EndGlobalSection
EndGlobal
